
Microsoft Visual Studio Solution File, Format Version 12.00
# Visual Studio 15
VisualStudioVersion = 15.0.26124.0
MinimumVisualStudioVersion = 15.0.26124.0
Project("{FAE04EC0-301F-11D3-BF4B-00C04F79EFBC}") = "JsonPerformance", "JsonPerformance\JsonPerformance.csproj", "{6BC16FAD-E9CC-4733-A6AC-0A83EE3F1BFA}"
EndProject
Project("{FAE04EC0-301F-11D3-BF4B-00C04F79EFBC}") = "JsonTest", "JsonTest\JsonTest.csproj", "{9CD3BECD-7B42-4901-B5E5-D9FEC76B35A7}"
EndProject
Project("{2150E333-8FDC-42A3-9474-1A3956D46DE8}") = "Solution Items", "Solution Items", "{6D624A62-01CA-456C-8624-09B0DDB01339}"
	ProjectSection(SolutionItems) = preProject
		README.md = README.md
	EndProjectSection
EndProject
Global
	GlobalSection(SolutionConfigurationPlatforms) = preSolution
		Debug|Any CPU = Debug|Any CPU
		Debug|x64 = Debug|x64
		Debug|x86 = Debug|x86
		Release|Any CPU = Release|Any CPU
		Release|x64 = Release|x64
		Release|x86 = Release|x86
	EndGlobalSection
	GlobalSection(SolutionProperties) = preSolution
		HideSolutionNode = FALSE
	EndGlobalSection
	GlobalSection(ProjectConfigurationPlatforms) = postSolution
		{6BC16FAD-E9CC-4733-A6AC-0A83EE3F1BFA}.Debug|Any CPU.ActiveCfg = Debug|Any CPU
		{6BC16FAD-E9CC-4733-A6AC-0A83EE3F1BFA}.Debug|Any CPU.Build.0 = Debug|Any CPU
		{6BC16FAD-E9CC-4733-A6AC-0A83EE3F1BFA}.Debug|x64.ActiveCfg = Debug|Any CPU
		{6BC16FAD-E9CC-4733-A6AC-0A83EE3F1BFA}.Debug|x64.Build.0 = Debug|Any CPU
		{6BC16FAD-E9CC-4733-A6AC-0A83EE3F1BFA}.Debug|x86.ActiveCfg = Debug|Any CPU
		{6BC16FAD-E9CC-4733-A6AC-0A83EE3F1BFA}.Debug|x86.Build.0 = Debug|Any CPU
		{6BC16FAD-E9CC-4733-A6AC-0A83EE3F1BFA}.Release|Any CPU.ActiveCfg = Release|Any CPU
		{6BC16FAD-E9CC-4733-A6AC-0A83EE3F1BFA}.Release|Any CPU.Build.0 = Release|Any CPU
		{6BC16FAD-E9CC-4733-A6AC-0A83EE3F1BFA}.Release|x64.ActiveCfg = Release|Any CPU
		{6BC16FAD-E9CC-4733-A6AC-0A83EE3F1BFA}.Release|x64.Build.0 = Release|Any CPU
		{6BC16FAD-E9CC-4733-A6AC-0A83EE3F1BFA}.Release|x86.ActiveCfg = Release|Any CPU
		{6BC16FAD-E9CC-4733-A6AC-0A83EE3F1BFA}.Release|x86.Build.0 = Release|Any CPU
		{9CD3BECD-7B42-4901-B5E5-D9FEC76B35A7}.Debug|Any CPU.ActiveCfg = Debug|Any CPU
		{9CD3BECD-7B42-4901-B5E5-D9FEC76B35A7}.Debug|Any CPU.Build.0 = Debug|Any CPU
		{9CD3BECD-7B42-4901-B5E5-D9FEC76B35A7}.Debug|x64.ActiveCfg = Debug|Any CPU
		{9CD3BECD-7B42-4901-B5E5-D9FEC76B35A7}.Debug|x64.Build.0 = Debug|Any CPU
		{9CD3BECD-7B42-4901-B5E5-D9FEC76B35A7}.Debug|x86.ActiveCfg = Debug|Any CPU
		{9CD3BECD-7B42-4901-B5E5-D9FEC76B35A7}.Debug|x86.Build.0 = Debug|Any CPU
		{9CD3BECD-7B42-4901-B5E5-D9FEC76B35A7}.Release|Any CPU.ActiveCfg = Release|Any CPU
		{9CD3BECD-7B42-4901-B5E5-D9FEC76B35A7}.Release|Any CPU.Build.0 = Release|Any CPU
		{9CD3BECD-7B42-4901-B5E5-D9FEC76B35A7}.Release|x64.ActiveCfg = Release|Any CPU
		{9CD3BECD-7B42-4901-B5E5-D9FEC76B35A7}.Release|x64.Build.0 = Release|Any CPU
		{9CD3BECD-7B42-4901-B5E5-D9FEC76B35A7}.Release|x86.ActiveCfg = Release|Any CPU
		{9CD3BECD-7B42-4901-B5E5-D9FEC76B35A7}.Release|x86.Build.0 = Release|Any CPU
	EndGlobalSection
EndGlobal
